
Microsoft Visual Studio Solution File, Format Version 12.00
# Visual Studio Version 17
VisualStudioVersion = 17.5.33414.496
MinimumVisualStudioVersion = 10.0.40219.1
Project("{FAE04EC0-301F-11D3-BF4B-00C04F79EFBC}") = "Uchinchi dars", "Uchinchi dars\Uchinchi dars.csproj", "{283F0EDA-1FDC-43C3-99EB-611A446A92E3}"
EndProject
Global
	GlobalSection(SolutionConfigurationPlatforms) = preSolution
		Debug|Any CPU = Debug|Any CPU
		Release|Any CPU = Release|Any CPU
	EndGlobalSection
	GlobalSection(ProjectConfigurationPlatforms) = postSolution
		{283F0EDA-1FDC-43C3-99EB-611A446A92E3}.Debug|Any CPU.ActiveCfg = Debug|Any CPU
		{283F0EDA-1FDC-43C3-99EB-611A446A92E3}.Debug|Any CPU.Build.0 = Debug|Any CPU
		{283F0EDA-1FDC-43C3-99EB-611A446A92E3}.Release|Any CPU.ActiveCfg = Release|Any CPU
		{283F0EDA-1FDC-43C3-99EB-611A446A92E3}.Release|Any CPU.Build.0 = Release|Any CPU
	EndGlobalSection
	GlobalSection(SolutionProperties) = preSolution
		HideSolutionNode = FALSE
	EndGlobalSection
	GlobalSection(ExtensibilityGlobals) = postSolution
		SolutionGuid = {E401854A-D456-4239-A183-89E726F70628}
	EndGlobalSection
EndGlobal
